
Microsoft Visual Studio Solution File, Format Version 12.00
# Visual Studio Version 17
VisualStudioVersion = 17.0.31903.59
MinimumVisualStudioVersion = 10.0.40219.1
Project("{FAE04EC0-301F-11D3-BF4B-00C04F79EFBC}") = "API", "API\API.csproj", "{3B4C0FAB-1072-4A28-B9C2-DB9C132FCAB1}"
EndProject
Project("{FAE04EC0-301F-11D3-BF4B-00C04F79EFBC}") = "Application", "Application\Application.csproj", "{541B9B72-604E-4B9D-AFCC-42EF02CA779F}"
EndProject
Project("{FAE04EC0-301F-11D3-BF4B-00C04F79EFBC}") = "Domain", "Domain\Domain.csproj", "{DFF1025B-F1DA-447D-A38C-1165779FBF75}"
EndProject
Project("{FAE04EC0-301F-11D3-BF4B-00C04F79EFBC}") = "Persistence", "Persistence\Persistence.csproj", "{C76224E5-4633-4612-8F27-DC255CDD9DD5}"
EndProject
Global
	GlobalSection(SolutionConfigurationPlatforms) = preSolution
		Debug|Any CPU = Debug|Any CPU
		Release|Any CPU = Release|Any CPU
	EndGlobalSection
	GlobalSection(SolutionProperties) = preSolution
		HideSolutionNode = FALSE
	EndGlobalSection
	GlobalSection(ProjectConfigurationPlatforms) = postSolution
		{3B4C0FAB-1072-4A28-B9C2-DB9C132FCAB1}.Debug|Any CPU.ActiveCfg = Debug|Any CPU
		{3B4C0FAB-1072-4A28-B9C2-DB9C132FCAB1}.Debug|Any CPU.Build.0 = Debug|Any CPU
		{3B4C0FAB-1072-4A28-B9C2-DB9C132FCAB1}.Release|Any CPU.ActiveCfg = Release|Any CPU
		{3B4C0FAB-1072-4A28-B9C2-DB9C132FCAB1}.Release|Any CPU.Build.0 = Release|Any CPU
		{541B9B72-604E-4B9D-AFCC-42EF02CA779F}.Debug|Any CPU.ActiveCfg = Debug|Any CPU
		{541B9B72-604E-4B9D-AFCC-42EF02CA779F}.Debug|Any CPU.Build.0 = Debug|Any CPU
		{541B9B72-604E-4B9D-AFCC-42EF02CA779F}.Release|Any CPU.ActiveCfg = Release|Any CPU
		{541B9B72-604E-4B9D-AFCC-42EF02CA779F}.Release|Any CPU.Build.0 = Release|Any CPU
		{DFF1025B-F1DA-447D-A38C-1165779FBF75}.Debug|Any CPU.ActiveCfg = Debug|Any CPU
		{DFF1025B-F1DA-447D-A38C-1165779FBF75}.Debug|Any CPU.Build.0 = Debug|Any CPU
		{DFF1025B-F1DA-447D-A38C-1165779FBF75}.Release|Any CPU.ActiveCfg = Release|Any CPU
		{DFF1025B-F1DA-447D-A38C-1165779FBF75}.Release|Any CPU.Build.0 = Release|Any CPU
		{C76224E5-4633-4612-8F27-DC255CDD9DD5}.Debug|Any CPU.ActiveCfg = Debug|Any CPU
		{C76224E5-4633-4612-8F27-DC255CDD9DD5}.Debug|Any CPU.Build.0 = Debug|Any CPU
		{C76224E5-4633-4612-8F27-DC255CDD9DD5}.Release|Any CPU.ActiveCfg = Release|Any CPU
		{C76224E5-4633-4612-8F27-DC255CDD9DD5}.Release|Any CPU.Build.0 = Release|Any CPU
	EndGlobalSection
EndGlobal
